// !$*UTF8*$!
{
	archiveVersion = 1;
	classes = {
	};
	objectVersion = 56;
	objects = {

/* Begin PBXBuildFile section */
		68001FB729B024C400193FE3 /* AboutView.swift in Sources */ = {isa = PBXBuildFile; fileRef = 68001FB629B024C400193FE3 /* AboutView.swift */; };
		68001FBA29B0253400193FE3 /* MainOnboardingView.swift in Sources */ = {isa = PBXBuildFile; fileRef = 68001FB929B0253400193FE3 /* MainOnboardingView.swift */; };
		68001FBC29B0269300193FE3 /* OnboardingButtonStyle.swift in Sources */ = {isa = PBXBuildFile; fileRef = 68001FBB29B0269300193FE3 /* OnboardingButtonStyle.swift */; };
		6848CFB529A69AF8006759E8 /* AFSpaceAApp.swift in Sources */ = {isa = PBXBuildFile; fileRef = 6848CFB429A69AF8006759E8 /* AFSpaceAApp.swift */; };
		6848CFB729A69AF8006759E8 /* RootView.swift in Sources */ = {isa = PBXBuildFile; fileRef = 6848CFB629A69AF8006759E8 /* RootView.swift */; };
		6848CFB929A69AF9006759E8 /* Assets.xcassets in Resources */ = {isa = PBXBuildFile; fileRef = 6848CFB829A69AF9006759E8 /* Assets.xcassets */; };
		6848CFBC29A69AF9006759E8 /* Preview Assets.xcassets in Resources */ = {isa = PBXBuildFile; fileRef = 6848CFBB29A69AF9006759E8 /* Preview Assets.xcassets */; };
		6848CFC729A69C3B006759E8 /* bases.json in Resources */ = {isa = PBXBuildFile; fileRef = 6848CFC629A69C3B006759E8 /* bases.json */; };
		6872BF3A29C0B2100074455D /* WeatherView.swift in Sources */ = {isa = PBXBuildFile; fileRef = 6872BF3929C0B2100074455D /* WeatherView.swift */; };
		688CE74829B940B500C77F29 /* MoneyHome.swift in Sources */ = {isa = PBXBuildFile; fileRef = 688CE74729B940B500C77F29 /* MoneyHome.swift */; };
		68B391E929A8717500069480 /* Bases.swift in Sources */ = {isa = PBXBuildFile; fileRef = 68B391E829A8717500069480 /* Bases.swift */; };
		68B391EB29A874B800069480 /* CustomTabBar.swift in Sources */ = {isa = PBXBuildFile; fileRef = 68B391EA29A874B800069480 /* CustomTabBar.swift */; };
		68B391ED29A8769600069480 /* ContentModel.swift in Sources */ = {isa = PBXBuildFile; fileRef = 68B391EC29A8769600069480 /* ContentModel.swift */; };
		68BEF5B429B2C76D0077762F /* HomeView.swift in Sources */ = {isa = PBXBuildFile; fileRef = 68BEF5B329B2C76D0077762F /* HomeView.swift */; };
		68D0772629AB0AC5005E7474 /* CardView.swift in Sources */ = {isa = PBXBuildFile; fileRef = 68D0772529AB0AC5005E7474 /* CardView.swift */; };
		68D0772829AB0E30005E7474 /* DetailView.swift in Sources */ = {isa = PBXBuildFile; fileRef = 68D0772729AB0E30005E7474 /* DetailView.swift */; };
		68F3693F29B9AD6B00B7C10D /* WishKit in Frameworks */ = {isa = PBXBuildFile; productRef = 68F3693E29B9AD6B00B7C10D /* WishKit */; };
		68F3694129B9AD8800B7C10D /* WishListView.swift in Sources */ = {isa = PBXBuildFile; fileRef = 68F3694029B9AD8800B7C10D /* WishListView.swift */; };
/* End PBXBuildFile section */

/* Begin PBXFileReference section */
		68001FB629B024C400193FE3 /* AboutView.swift */ = {isa = PBXFileReference; lastKnownFileType = sourcecode.swift; path = AboutView.swift; sourceTree = "<group>"; };
		68001FB929B0253400193FE3 /* MainOnboardingView.swift */ = {isa = PBXFileReference; lastKnownFileType = sourcecode.swift; path = MainOnboardingView.swift; sourceTree = "<group>"; };
		68001FBB29B0269300193FE3 /* OnboardingButtonStyle.swift */ = {isa = PBXFileReference; fileEncoding = 4; lastKnownFileType = sourcecode.swift; path = OnboardingButtonStyle.swift; sourceTree = "<group>"; };
		6848CFB129A69AF8006759E8 /* AFSpaceA.app */ = {isa = PBXFileReference; explicitFileType = wrapper.application; includeInIndex = 0; path = AFSpaceA.app; sourceTree = BUILT_PRODUCTS_DIR; };
		6848CFB429A69AF8006759E8 /* AFSpaceAApp.swift */ = {isa = PBXFileReference; lastKnownFileType = sourcecode.swift; path = AFSpaceAApp.swift; sourceTree = "<group>"; };
		6848CFB629A69AF8006759E8 /* RootView.swift */ = {isa = PBXFileReference; lastKnownFileType = sourcecode.swift; path = RootView.swift; sourceTree = "<group>"; };
		6848CFB829A69AF9006759E8 /* Assets.xcassets */ = {isa = PBXFileReference; lastKnownFileType = folder.assetcatalog; path = Assets.xcassets; sourceTree = "<group>"; };
		6848CFBB29A69AF9006759E8 /* Preview Assets.xcassets */ = {isa = PBXFileReference; lastKnownFileType = folder.assetcatalog; path = "Preview Assets.xcassets"; sourceTree = "<group>"; };
		6848CFC629A69C3B006759E8 /* bases.json */ = {isa = PBXFileReference; lastKnownFileType = text.json; path = bases.json; sourceTree = "<group>"; };
		6872BF3929C0B2100074455D /* WeatherView.swift */ = {isa = PBXFileReference; lastKnownFileType = sourcecode.swift; path = WeatherView.swift; sourceTree = "<group>"; };
		688CE74729B940B500C77F29 /* MoneyHome.swift */ = {isa = PBXFileReference; lastKnownFileType = sourcecode.swift; path = MoneyHome.swift; sourceTree = "<group>"; };
		68B391E829A8717500069480 /* Bases.swift */ = {isa = PBXFileReference; lastKnownFileType = sourcecode.swift; path = Bases.swift; sourceTree = "<group>"; };
		68B391EA29A874B800069480 /* CustomTabBar.swift */ = {isa = PBXFileReference; lastKnownFileType = sourcecode.swift; path = CustomTabBar.swift; sourceTree = "<group>"; };
		68B391EC29A8769600069480 /* ContentModel.swift */ = {isa = PBXFileReference; lastKnownFileType = sourcecode.swift; path = ContentModel.swift; sourceTree = "<group>"; };
		68BEF5B329B2C76D0077762F /* HomeView.swift */ = {isa = PBXFileReference; lastKnownFileType = sourcecode.swift; path = HomeView.swift; sourceTree = "<group>"; };
		68D0772529AB0AC5005E7474 /* CardView.swift */ = {isa = PBXFileReference; lastKnownFileType = sourcecode.swift; path = CardView.swift; sourceTree = "<group>"; };
		68D0772729AB0E30005E7474 /* DetailView.swift */ = {isa = PBXFileReference; lastKnownFileType = sourcecode.swift; path = DetailView.swift; sourceTree = "<group>"; };
		68F3694029B9AD8800B7C10D /* WishListView.swift */ = {isa = PBXFileReference; lastKnownFileType = sourcecode.swift; path = WishListView.swift; sourceTree = "<group>"; };
/* End PBXFileReference section */

/* Begin PBXFrameworksBuildPhase section */
		6848CFAE29A69AF8006759E8 /* Frameworks */ = {
			isa = PBXFrameworksBuildPhase;
			buildActionMask = 2147483647;
			files = (
				68F3693F29B9AD6B00B7C10D /* WishKit in Frameworks */,
			);
			runOnlyForDeploymentPostprocessing = 0;
		};
/* End PBXFrameworksBuildPhase section */

/* Begin PBXGroup section */
		68001FB829B0251E00193FE3 /* Onboarding */ = {
			isa = PBXGroup;
			children = (
				68001FBB29B0269300193FE3 /* OnboardingButtonStyle.swift */,
				68001FB929B0253400193FE3 /* MainOnboardingView.swift */,
			);
			path = Onboarding;
			sourceTree = "<group>";
		};
		683E308A29C2B99600F49771 /* TabViews */ = {
			isa = PBXGroup;
			children = (
				68D0772729AB0E30005E7474 /* DetailView.swift */,
				68001FB629B024C400193FE3 /* AboutView.swift */,
				68BEF5B329B2C76D0077762F /* HomeView.swift */,
			);
			path = TabViews;
			sourceTree = "<group>";
		};
		6848CFA829A69AF8006759E8 = {
			isa = PBXGroup;
			children = (
				6848CFB329A69AF8006759E8 /* AFSpaceA */,
				6848CFB229A69AF8006759E8 /* Products */,
			);
			sourceTree = "<group>";
		};
		6848CFB229A69AF8006759E8 /* Products */ = {
			isa = PBXGroup;
			children = (
				6848CFB129A69AF8006759E8 /* AFSpaceA.app */,
			);
			name = Products;
			sourceTree = "<group>";
		};
		6848CFB329A69AF8006759E8 /* AFSpaceA */ = {
			isa = PBXGroup;
			children = (
				6848CFC429A69B1E006759E8 /* Model */,
				6848CFC329A69B14006759E8 /* ViewModel */,
				6848CFC229A69B0D006759E8 /* View */,
				6848CFB429A69AF8006759E8 /* AFSpaceAApp.swift */,
				6848CFC529A69C1D006759E8 /* Resources */,
				6848CFB829A69AF9006759E8 /* Assets.xcassets */,
				6848CFBA29A69AF9006759E8 /* Preview Content */,
			);
			path = AFSpaceA;
			sourceTree = "<group>";
		};
		6848CFBA29A69AF9006759E8 /* Preview Content */ = {
			isa = PBXGroup;
			children = (
				6848CFBB29A69AF9006759E8 /* Preview Assets.xcassets */,
			);
			path = "Preview Content";
			sourceTree = "<group>";
		};
		6848CFC229A69B0D006759E8 /* View */ = {
			isa = PBXGroup;
			children = (
				6848CFB629A69AF8006759E8 /* RootView.swift */,
				683E308A29C2B99600F49771 /* TabViews */,
				6872BF3829C0B2010074455D /* Weather */,
				688CE74629B940A400C77F29 /* Exchange */,
				68001FB829B0251E00193FE3 /* Onboarding */,
				68D0772529AB0AC5005E7474 /* CardView.swift */,
				68B391EA29A874B800069480 /* CustomTabBar.swift */,
				68F3694029B9AD8800B7C10D /* WishListView.swift */,
			);
			path = View;
			sourceTree = "<group>";
		};
		6848CFC329A69B14006759E8 /* ViewModel */ = {
			isa = PBXGroup;
			children = (
				68B391EC29A8769600069480 /* ContentModel.swift */,
			);
			path = ViewModel;
			sourceTree = "<group>";
		};
		6848CFC429A69B1E006759E8 /* Model */ = {
			isa = PBXGroup;
			children = (
				68B391E829A8717500069480 /* Bases.swift */,
			);
			path = Model;
			sourceTree = "<group>";
		};
		6848CFC529A69C1D006759E8 /* Resources */ = {
			isa = PBXGroup;
			children = (
				6848CFC629A69C3B006759E8 /* bases.json */,
			);
			path = Resources;
			sourceTree = "<group>";
		};
		6872BF3829C0B2010074455D /* Weather */ = {
			isa = PBXGroup;
			children = (
				6872BF3929C0B2100074455D /* WeatherView.swift */,
			);
			path = Weather;
			sourceTree = "<group>";
		};
		688CE74629B940A400C77F29 /* Exchange */ = {
			isa = PBXGroup;
			children = (
				688CE74729B940B500C77F29 /* MoneyHome.swift */,
			);
			path = Exchange;
			sourceTree = "<group>";
		};
/* End PBXGroup section */

/* Begin PBXNativeTarget section */
		6848CFB029A69AF8006759E8 /* AFSpaceA */ = {
			isa = PBXNativeTarget;
			buildConfigurationList = 6848CFBF29A69AF9006759E8 /* Build configuration list for PBXNativeTarget "AFSpaceA" */;
			buildPhases = (
				6848CFAD29A69AF8006759E8 /* Sources */,
				6848CFAE29A69AF8006759E8 /* Frameworks */,
				6848CFAF29A69AF8006759E8 /* Resources */,
			);
			buildRules = (
			);
			dependencies = (
			);
			name = AFSpaceA;
			packageProductDependencies = (
				68F3693E29B9AD6B00B7C10D /* WishKit */,
			);
			productName = AFSpaceA;
			productReference = 6848CFB129A69AF8006759E8 /* AFSpaceA.app */;
			productType = "com.apple.product-type.application";
		};
/* End PBXNativeTarget section */

/* Begin PBXProject section */
		6848CFA929A69AF8006759E8 /* Project object */ = {
			isa = PBXProject;
			attributes = {
				BuildIndependentTargetsInParallel = 1;
				LastSwiftUpdateCheck = 1420;
				LastUpgradeCheck = 1420;
				TargetAttributes = {
					6848CFB029A69AF8006759E8 = {
						CreatedOnToolsVersion = 14.2;
					};
				};
			};
			buildConfigurationList = 6848CFAC29A69AF8006759E8 /* Build configuration list for PBXProject "AFSpaceA" */;
			compatibilityVersion = "Xcode 14.0";
			developmentRegion = en;
			hasScannedForEncodings = 0;
			knownRegions = (
				en,
				Base,
			);
			mainGroup = 6848CFA829A69AF8006759E8;
			packageReferences = (
				68F3693D29B9AD6B00B7C10D /* XCRemoteSwiftPackageReference "wishkit-ios" */,
			);
			productRefGroup = 6848CFB229A69AF8006759E8 /* Products */;
			projectDirPath = "";
			projectRoot = "";
			targets = (
				6848CFB029A69AF8006759E8 /* AFSpaceA */,
			);
		};
/* End PBXProject section */

/* Begin PBXResourcesBuildPhase section */
		6848CFAF29A69AF8006759E8 /* Resources */ = {
			isa = PBXResourcesBuildPhase;
			buildActionMask = 2147483647;
			files = (
				6848CFC729A69C3B006759E8 /* bases.json in Resources */,
				6848CFBC29A69AF9006759E8 /* Preview Assets.xcassets in Resources */,
				6848CFB929A69AF9006759E8 /* Assets.xcassets in Resources */,
			);
			runOnlyForDeploymentPostprocessing = 0;
		};
/* End PBXResourcesBuildPhase section */

/* Begin PBXSourcesBuildPhase section */
		6848CFAD29A69AF8006759E8 /* Sources */ = {
			isa = PBXSourcesBuildPhase;
			buildActionMask = 2147483647;
			files = (
				68001FB729B024C400193FE3 /* AboutView.swift in Sources */,
				68001FBA29B0253400193FE3 /* MainOnboardingView.swift in Sources */,
				68001FBC29B0269300193FE3 /* OnboardingButtonStyle.swift in Sources */,
				68B391EB29A874B800069480 /* CustomTabBar.swift in Sources */,
				6848CFB729A69AF8006759E8 /* RootView.swift in Sources */,
				6872BF3A29C0B2100074455D /* WeatherView.swift in Sources */,
				68BEF5B429B2C76D0077762F /* HomeView.swift in Sources */,
				68B391ED29A8769600069480 /* ContentModel.swift in Sources */,
				688CE74829B940B500C77F29 /* MoneyHome.swift in Sources */,
				68D0772829AB0E30005E7474 /* DetailView.swift in Sources */,
				6848CFB529A69AF8006759E8 /* AFSpaceAApp.swift in Sources */,
				68D0772629AB0AC5005E7474 /* CardView.swift in Sources */,
				68F3694129B9AD8800B7C10D /* WishListView.swift in Sources */,
				68B391E929A8717500069480 /* Bases.swift in Sources */,
			);
			runOnlyForDeploymentPostprocessing = 0;
		};
/* End PBXSourcesBuildPhase section */

/* Begin XCBuildConfiguration section */
		6848CFBD29A69AF9006759E8 /* Debug */ = {
			isa = XCBuildConfiguration;
			buildSettings = {
				ALWAYS_SEARCH_USER_PATHS = NO;
				CLANG_ANALYZER_NONNULL = YES;
				CLANG_ANALYZER_NUMBER_OBJECT_CONVERSION = YES_AGGRESSIVE;
				CLANG_CXX_LANGUAGE_STANDARD = "gnu++20";
				CLANG_ENABLE_MODULES = YES;
				CLANG_ENABLE_OBJC_ARC = YES;
				CLANG_ENABLE_OBJC_WEAK = YES;
				CLANG_WARN_BLOCK_CAPTURE_AUTORELEASING = YES;
				CLANG_WARN_BOOL_CONVERSION = YES;
				CLANG_WARN_COMMA = YES;
				CLANG_WARN_CONSTANT_CONVERSION = YES;
				CLANG_WARN_DEPRECATED_OBJC_IMPLEMENTATIONS = YES;
				CLANG_WARN_DIRECT_OBJC_ISA_USAGE = YES_ERROR;
				CLANG_WARN_DOCUMENTATION_COMMENTS = YES;
				CLANG_WARN_EMPTY_BODY = YES;
				CLANG_WARN_ENUM_CONVERSION = YES;
				CLANG_WARN_INFINITE_RECURSION = YES;
				CLANG_WARN_INT_CONVERSION = YES;
				CLANG_WARN_NON_LITERAL_NULL_CONVERSION = YES;
				CLANG_WARN_OBJC_IMPLICIT_RETAIN_SELF = YES;
				CLANG_WARN_OBJC_LITERAL_CONVERSION = YES;
				CLANG_WARN_OBJC_ROOT_CLASS = YES_ERROR;
				CLANG_WARN_QUOTED_INCLUDE_IN_FRAMEWORK_HEADER = YES;
				CLANG_WARN_RANGE_LOOP_ANALYSIS = YES;
				CLANG_WARN_STRICT_PROTOTYPES = YES;
				CLANG_WARN_SUSPICIOUS_MOVE = YES;
				CLANG_WARN_UNGUARDED_AVAILABILITY = YES_AGGRESSIVE;
				CLANG_WARN_UNREACHABLE_CODE = YES;
				CLANG_WARN__DUPLICATE_METHOD_MATCH = YES;
				COPY_PHASE_STRIP = NO;
				DEBUG_INFORMATION_FORMAT = dwarf;
				ENABLE_STRICT_OBJC_MSGSEND = YES;
				ENABLE_TESTABILITY = YES;
				GCC_C_LANGUAGE_STANDARD = gnu11;
				GCC_DYNAMIC_NO_PIC = NO;
				GCC_NO_COMMON_BLOCKS = YES;
				GCC_OPTIMIZATION_LEVEL = 0;
				GCC_PREPROCESSOR_DEFINITIONS = (
					"DEBUG=1",
					"$(inherited)",
				);
				GCC_WARN_64_TO_32_BIT_CONVERSION = YES;
				GCC_WARN_ABOUT_RETURN_TYPE = YES_ERROR;
				GCC_WARN_UNDECLARED_SELECTOR = YES;
				GCC_WARN_UNINITIALIZED_AUTOS = YES_AGGRESSIVE;
				GCC_WARN_UNUSED_FUNCTION = YES;
				GCC_WARN_UNUSED_VARIABLE = YES;
				IPHONEOS_DEPLOYMENT_TARGET = 16.2;
				MTL_ENABLE_DEBUG_INFO = INCLUDE_SOURCE;
				MTL_FAST_MATH = YES;
				ONLY_ACTIVE_ARCH = YES;
				SDKROOT = iphoneos;
				SWIFT_ACTIVE_COMPILATION_CONDITIONS = DEBUG;
				SWIFT_OPTIMIZATION_LEVEL = "-Onone";
			};
			name = Debug;
		};
		6848CFBE29A69AF9006759E8 /* Release */ = {
			isa = XCBuildConfiguration;
			buildSettings = {
				ALWAYS_SEARCH_USER_PATHS = NO;
				CLANG_ANALYZER_NONNULL = YES;
				CLANG_ANALYZER_NUMBER_OBJECT_CONVERSION = YES_AGGRESSIVE;
				CLANG_CXX_LANGUAGE_STANDARD = "gnu++20";
				CLANG_ENABLE_MODULES = YES;
				CLANG_ENABLE_OBJC_ARC = YES;
				CLANG_ENABLE_OBJC_WEAK = YES;
				CLANG_WARN_BLOCK_CAPTURE_AUTORELEASING = YES;
				CLANG_WARN_BOOL_CONVERSION = YES;
				CLANG_WARN_COMMA = YES;
				CLANG_WARN_CONSTANT_CONVERSION = YES;
				CLANG_WARN_DEPRECATED_OBJC_IMPLEMENTATIONS = YES;
				CLANG_WARN_DIRECT_OBJC_ISA_USAGE = YES_ERROR;
				CLANG_WARN_DOCUMENTATION_COMMENTS = YES;
				CLANG_WARN_EMPTY_BODY = YES;
				CLANG_WARN_ENUM_CONVERSION = YES;
				CLANG_WARN_INFINITE_RECURSION = YES;
				CLANG_WARN_INT_CONVERSION = YES;
				CLANG_WARN_NON_LITERAL_NULL_CONVERSION = YES;
				CLANG_WARN_OBJC_IMPLICIT_RETAIN_SELF = YES;
				CLANG_WARN_OBJC_LITERAL_CONVERSION = YES;
				CLANG_WARN_OBJC_ROOT_CLASS = YES_ERROR;
				CLANG_WARN_QUOTED_INCLUDE_IN_FRAMEWORK_HEADER = YES;
				CLANG_WARN_RANGE_LOOP_ANALYSIS = YES;
				CLANG_WARN_STRICT_PROTOTYPES = YES;
				CLANG_WARN_SUSPICIOUS_MOVE = YES;
				CLANG_WARN_UNGUARDED_AVAILABILITY = YES_AGGRESSIVE;
				CLANG_WARN_UNREACHABLE_CODE = YES;
				CLANG_WARN__DUPLICATE_METHOD_MATCH = YES;
				COPY_PHASE_STRIP = NO;
				DEBUG_INFORMATION_FORMAT = "dwarf-with-dsym";
				ENABLE_NS_ASSERTIONS = NO;
				ENABLE_STRICT_OBJC_MSGSEND = YES;
				GCC_C_LANGUAGE_STANDARD = gnu11;
				GCC_NO_COMMON_BLOCKS = YES;
				GCC_WARN_64_TO_32_BIT_CONVERSION = YES;
				GCC_WARN_ABOUT_RETURN_TYPE = YES_ERROR;
				GCC_WARN_UNDECLARED_SELECTOR = YES;
				GCC_WARN_UNINITIALIZED_AUTOS = YES_AGGRESSIVE;
				GCC_WARN_UNUSED_FUNCTION = YES;
				GCC_WARN_UNUSED_VARIABLE = YES;
				IPHONEOS_DEPLOYMENT_TARGET = 16.2;
				MTL_ENABLE_DEBUG_INFO = NO;
				MTL_FAST_MATH = YES;
				SDKROOT = iphoneos;
				SWIFT_COMPILATION_MODE = wholemodule;
				SWIFT_OPTIMIZATION_LEVEL = "-O";
				VALIDATE_PRODUCT = YES;
			};
			name = Release;
		};
		6848CFC029A69AF9006759E8 /* Debug */ = {
			isa = XCBuildConfiguration;
			buildSettings = {
				ASSETCATALOG_COMPILER_APPICON_NAME = AppIcon;
				ASSETCATALOG_COMPILER_GLOBAL_ACCENT_COLOR_NAME = AccentColor;
				CODE_SIGN_STYLE = Automatic;
				CURRENT_PROJECT_VERSION = 1;
				DEVELOPMENT_ASSET_PATHS = "\"AFSpaceA/Preview Content\"";
				DEVELOPMENT_TEAM = TDBL5DL56U;
				ENABLE_PREVIEWS = YES;
				GENERATE_INFOPLIST_FILE = YES;
				INFOPLIST_KEY_UIApplicationSceneManifest_Generation = YES;
				INFOPLIST_KEY_UIApplicationSupportsIndirectInputEvents = YES;
				INFOPLIST_KEY_UILaunchScreen_Generation = YES;
				INFOPLIST_KEY_UIStatusBarStyle = "";
				INFOPLIST_KEY_UISupportedInterfaceOrientations = "UIInterfaceOrientationPortrait UIInterfaceOrientationPortraitUpsideDown";
				LD_RUNPATH_SEARCH_PATHS = (
					"$(inherited)",
					"@executable_path/Frameworks",
				);
				MARKETING_VERSION = 1.0;
				PRODUCT_BUNDLE_IDENTIFIER = com.ebaursolutions.AFSpaceA;
				PRODUCT_NAME = "$(TARGET_NAME)";
				SWIFT_EMIT_LOC_STRINGS = YES;
				SWIFT_VERSION = 5.0;
				TARGETED_DEVICE_FAMILY = "1,2";
			};
			name = Debug;
		};
		6848CFC129A69AF9006759E8 /* Release */ = {
			isa = XCBuildConfiguration;
			buildSettings = {
				ASSETCATALOG_COMPILER_APPICON_NAME = AppIcon;
				ASSETCATALOG_COMPILER_GLOBAL_ACCENT_COLOR_NAME = AccentColor;
				CODE_SIGN_STYLE = Automatic;
				CURRENT_PROJECT_VERSION = 1;
				DEVELOPMENT_ASSET_PATHS = "\"AFSpaceA/Preview Content\"";
				DEVELOPMENT_TEAM = TDBL5DL56U;
				ENABLE_PREVIEWS = YES;
				GENERATE_INFOPLIST_FILE = YES;
				INFOPLIST_KEY_UIApplicationSceneManifest_Generation = YES;
				INFOPLIST_KEY_UIApplicationSupportsIndirectInputEvents = YES;
				INFOPLIST_KEY_UILaunchScreen_Generation = YES;
				INFOPLIST_KEY_UIStatusBarStyle = "";
				INFOPLIST_KEY_UISupportedInterfaceOrientations = "UIInterfaceOrientationPortrait UIInterfaceOrientationPortraitUpsideDown";
				LD_RUNPATH_SEARCH_PATHS = (
					"$(inherited)",
					"@executable_path/Frameworks",
				);
				MARKETING_VERSION = 1.0;
				PRODUCT_BUNDLE_IDENTIFIER = com.ebaursolutions.AFSpaceA;
				PRODUCT_NAME = "$(TARGET_NAME)";
				SWIFT_EMIT_LOC_STRINGS = YES;
				SWIFT_VERSION = 5.0;
				TARGETED_DEVICE_FAMILY = "1,2";
			};
			name = Release;
		};
/* End XCBuildConfiguration section */

/* Begin XCConfigurationList section */
		6848CFAC29A69AF8006759E8 /* Build configuration list for PBXProject "AFSpaceA" */ = {
			isa = XCConfigurationList;
			buildConfigurations = (
				6848CFBD29A69AF9006759E8 /* Debug */,
				6848CFBE29A69AF9006759E8 /* Release */,
			);
			defaultConfigurationIsVisible = 0;
			defaultConfigurationName = Release;
		};
		6848CFBF29A69AF9006759E8 /* Build configuration list for PBXNativeTarget "AFSpaceA" */ = {
			isa = XCConfigurationList;
			buildConfigurations = (
				6848CFC029A69AF9006759E8 /* Debug */,
				6848CFC129A69AF9006759E8 /* Release */,
			);
			defaultConfigurationIsVisible = 0;
			defaultConfigurationName = Release;
		};
/* End XCConfigurationList section */

/* Begin XCRemoteSwiftPackageReference section */
		68F3693D29B9AD6B00B7C10D /* XCRemoteSwiftPackageReference "wishkit-ios" */ = {
			isa = XCRemoteSwiftPackageReference;
			repositoryURL = "https://github.com/wishkit/wishkit-ios.git";
			requirement = {
				kind = upToNextMajorVersion;
				minimumVersion = 1.0.0;
			};
		};
/* End XCRemoteSwiftPackageReference section */

/* Begin XCSwiftPackageProductDependency section */
		68F3693E29B9AD6B00B7C10D /* WishKit */ = {
			isa = XCSwiftPackageProductDependency;
			package = 68F3693D29B9AD6B00B7C10D /* XCRemoteSwiftPackageReference "wishkit-ios" */;
			productName = WishKit;
		};
/* End XCSwiftPackageProductDependency section */
	};
	rootObject = 6848CFA929A69AF8006759E8 /* Project object */;
}
